
Microsoft Visual Studio Solution File, Format Version 12.00
# Visual Studio Version 17
VisualStudioVersion = 17.4.33103.184
MinimumVisualStudioVersion = 10.0.40219.1
Project("{FAE04EC0-301F-11D3-BF4B-00C04F79EFBC}") = "Homework8", "Homework8\Homework8.csproj", "{2948B674-0348-4A62-BF1C-CF37B5659279}"
EndProject
Global
	GlobalSection(SolutionConfigurationPlatforms) = preSolution
		Debug|Any CPU = Debug|Any CPU
		Release|Any CPU = Release|Any CPU
	EndGlobalSection
	GlobalSection(ProjectConfigurationPlatforms) = postSolution
		{2948B674-0348-4A62-BF1C-CF37B5659279}.Debug|Any CPU.ActiveCfg = Debug|Any CPU
		{2948B674-0348-4A62-BF1C-CF37B5659279}.Debug|Any CPU.Build.0 = Debug|Any CPU
		{2948B674-0348-4A62-BF1C-CF37B5659279}.Release|Any CPU.ActiveCfg = Release|Any CPU
		{2948B674-0348-4A62-BF1C-CF37B5659279}.Release|Any CPU.Build.0 = Release|Any CPU
	EndGlobalSection
	GlobalSection(SolutionProperties) = preSolution
		HideSolutionNode = FALSE
	EndGlobalSection
	GlobalSection(ExtensibilityGlobals) = postSolution
		SolutionGuid = {8EA2FAFD-6BB8-439A-9871-87AB40FF7FC2}
	EndGlobalSection
EndGlobal
